
Microsoft Visual Studio Solution File, Format Version 12.00
# Visual Studio Version 17
VisualStudioVersion = 17.2.32602.215
MinimumVisualStudioVersion = 10.0.40219.1
Project("{FAE04EC0-301F-11D3-BF4B-00C04F79EFBC}") = "FunctionalPrograms", "FunctionalPrograms.csproj", "{B794BD24-334D-4BC7-A99B-9AF541B40A6A}"
EndProject
Global
	GlobalSection(SolutionConfigurationPlatforms) = preSolution
		Debug|Any CPU = Debug|Any CPU
		Release|Any CPU = Release|Any CPU
	EndGlobalSection
	GlobalSection(ProjectConfigurationPlatforms) = postSolution
		{B794BD24-334D-4BC7-A99B-9AF541B40A6A}.Debug|Any CPU.ActiveCfg = Debug|Any CPU
		{B794BD24-334D-4BC7-A99B-9AF541B40A6A}.Debug|Any CPU.Build.0 = Debug|Any CPU
		{B794BD24-334D-4BC7-A99B-9AF541B40A6A}.Release|Any CPU.ActiveCfg = Release|Any CPU
		{B794BD24-334D-4BC7-A99B-9AF541B40A6A}.Release|Any CPU.Build.0 = Release|Any CPU
	EndGlobalSection
	GlobalSection(SolutionProperties) = preSolution
		HideSolutionNode = FALSE
	EndGlobalSection
	GlobalSection(ExtensibilityGlobals) = postSolution
		SolutionGuid = {AF07616C-3243-4E73-9E10-C73A5F251195}
	EndGlobalSection
EndGlobal
